// !$*UTF8*$!
{
	archiveVersion = 1;
	classes = {
	};
	objectVersion = 56;
	objects = {

/* Begin PBXBuildFile section */
		41A10C732952B1AD0096D004 /* AppDelegate.swift in Sources */ = {isa = PBXBuildFile; fileRef = 41A10C722952B1AD0096D004 /* AppDelegate.swift */; };
		41A10C752952B1AD0096D004 /* SceneDelegate.swift in Sources */ = {isa = PBXBuildFile; fileRef = 41A10C742952B1AD0096D004 /* SceneDelegate.swift */; };
		41A10C7A2952B1AD0096D004 /* Main.storyboard in Resources */ = {isa = PBXBuildFile; fileRef = 41A10C782952B1AD0096D004 /* Main.storyboard */; };
		41A10C7C2952B1AE0096D004 /* Assets.xcassets in Resources */ = {isa = PBXBuildFile; fileRef = 41A10C7B2952B1AE0096D004 /* Assets.xcassets */; };
		41A10C7F2952B1AE0096D004 /* LaunchScreen.storyboard in Resources */ = {isa = PBXBuildFile; fileRef = 41A10C7D2952B1AE0096D004 /* LaunchScreen.storyboard */; };
		41A10C892952B6660096D004 /* PhotoViewController.swift in Sources */ = {isa = PBXBuildFile; fileRef = 41A10C882952B6660096D004 /* PhotoViewController.swift */; };
		41A10C8D29540CA00096D004 /* ColorViewController.swift in Sources */ = {isa = PBXBuildFile; fileRef = 41A10C8C29540CA00096D004 /* ColorViewController.swift */; };
		41A10C8F29543B850096D004 /* DirectoryViewController.swift in Sources */ = {isa = PBXBuildFile; fileRef = 41A10C8E29543B850096D004 /* DirectoryViewController.swift */; };
/* End PBXBuildFile section */

/* Begin PBXFileReference section */
		41A10C6F2952B1AD0096D004 /* protocol & delegate Demo.app */ = {isa = PBXFileReference; explicitFileType = wrapper.application; includeInIndex = 0; path = "protocol & delegate Demo.app"; sourceTree = BUILT_PRODUCTS_DIR; };
		41A10C722952B1AD0096D004 /* AppDelegate.swift */ = {isa = PBXFileReference; lastKnownFileType = sourcecode.swift; path = AppDelegate.swift; sourceTree = "<group>"; };
		41A10C742952B1AD0096D004 /* SceneDelegate.swift */ = {isa = PBXFileReference; lastKnownFileType = sourcecode.swift; path = SceneDelegate.swift; sourceTree = "<group>"; };
		41A10C792952B1AD0096D004 /* Base */ = {isa = PBXFileReference; lastKnownFileType = file.storyboard; name = Base; path = Base.lproj/Main.storyboard; sourceTree = "<group>"; };
		41A10C7B2952B1AE0096D004 /* Assets.xcassets */ = {isa = PBXFileReference; lastKnownFileType = folder.assetcatalog; path = Assets.xcassets; sourceTree = "<group>"; };
		41A10C7E2952B1AE0096D004 /* Base */ = {isa = PBXFileReference; lastKnownFileType = file.storyboard; name = Base; path = Base.lproj/LaunchScreen.storyboard; sourceTree = "<group>"; };
		41A10C802952B1AE0096D004 /* Info.plist */ = {isa = PBXFileReference; lastKnownFileType = text.plist.xml; path = Info.plist; sourceTree = "<group>"; };
		41A10C882952B6660096D004 /* PhotoViewController.swift */ = {isa = PBXFileReference; lastKnownFileType = sourcecode.swift; path = PhotoViewController.swift; sourceTree = "<group>"; };
		41A10C8C29540CA00096D004 /* ColorViewController.swift */ = {isa = PBXFileReference; lastKnownFileType = sourcecode.swift; path = ColorViewController.swift; sourceTree = "<group>"; };
		41A10C8E29543B850096D004 /* DirectoryViewController.swift */ = {isa = PBXFileReference; lastKnownFileType = sourcecode.swift; path = DirectoryViewController.swift; sourceTree = "<group>"; };
/* End PBXFileReference section */

/* Begin PBXFrameworksBuildPhase section */
		41A10C6C2952B1AD0096D004 /* Frameworks */ = {
			isa = PBXFrameworksBuildPhase;
			buildActionMask = 2147483647;
			files = (
			);
			runOnlyForDeploymentPostprocessing = 0;
		};
/* End PBXFrameworksBuildPhase section */

/* Begin PBXGroup section */
		41A10C662952B1AD0096D004 = {
			isa = PBXGroup;
			children = (
				41A10C712952B1AD0096D004 /* protocol & delegate Demo */,
				41A10C702952B1AD0096D004 /* Products */,
			);
			sourceTree = "<group>";
		};
		41A10C702952B1AD0096D004 /* Products */ = {
			isa = PBXGroup;
			children = (
				41A10C6F2952B1AD0096D004 /* protocol & delegate Demo.app */,
			);
			name = Products;
			sourceTree = "<group>";
		};
		41A10C712952B1AD0096D004 /* protocol & delegate Demo */ = {
			isa = PBXGroup;
			children = (
				41A10C722952B1AD0096D004 /* AppDelegate.swift */,
				41A10C742952B1AD0096D004 /* SceneDelegate.swift */,
				41A10C782952B1AD0096D004 /* Main.storyboard */,
				41A10C882952B6660096D004 /* PhotoViewController.swift */,
				41A10C8C29540CA00096D004 /* ColorViewController.swift */,
				41A10C8E29543B850096D004 /* DirectoryViewController.swift */,
				41A10C7B2952B1AE0096D004 /* Assets.xcassets */,
				41A10C7D2952B1AE0096D004 /* LaunchScreen.storyboard */,
				41A10C802952B1AE0096D004 /* Info.plist */,
			);
			path = "protocol & delegate Demo";
			sourceTree = "<group>";
		};
/* End PBXGroup section */

/* Begin PBXNativeTarget section */
		41A10C6E2952B1AD0096D004 /* protocol & delegate Demo */ = {
			isa = PBXNativeTarget;
			buildConfigurationList = 41A10C832952B1AE0096D004 /* Build configuration list for PBXNativeTarget "protocol & delegate Demo" */;
			buildPhases = (
				41A10C6B2952B1AD0096D004 /* Sources */,
				41A10C6C2952B1AD0096D004 /* Frameworks */,
				41A10C6D2952B1AD0096D004 /* Resources */,
			);
			buildRules = (
			);
			dependencies = (
			);
			name = "protocol & delegate Demo";
			productName = "protocol & delegate Demo";
			productReference = 41A10C6F2952B1AD0096D004 /* protocol & delegate Demo.app */;
			productType = "com.apple.product-type.application";
		};
/* End PBXNativeTarget section */

/* Begin PBXProject section */
		41A10C672952B1AD0096D004 /* Project object */ = {
			isa = PBXProject;
			attributes = {
				BuildIndependentTargetsInParallel = 1;
				LastSwiftUpdateCheck = 1410;
				LastUpgradeCheck = 1410;
				TargetAttributes = {
					41A10C6E2952B1AD0096D004 = {
						CreatedOnToolsVersion = 14.1;
					};
				};
			};
			buildConfigurationList = 41A10C6A2952B1AD0096D004 /* Build configuration list for PBXProject "protocol & delegate Demo" */;
			compatibilityVersion = "Xcode 14.0";
			developmentRegion = en;
			hasScannedForEncodings = 0;
			knownRegions = (
				en,
				Base,
			);
			mainGroup = 41A10C662952B1AD0096D004;
			productRefGroup = 41A10C702952B1AD0096D004 /* Products */;
			projectDirPath = "";
			projectRoot = "";
			targets = (
				41A10C6E2952B1AD0096D004 /* protocol & delegate Demo */,
			);
		};
/* End PBXProject section */

/* Begin PBXResourcesBuildPhase section */
		41A10C6D2952B1AD0096D004 /* Resources */ = {
			isa = PBXResourcesBuildPhase;
			buildActionMask = 2147483647;
			files = (
				41A10C7F2952B1AE0096D004 /* LaunchScreen.storyboard in Resources */,
				41A10C7C2952B1AE0096D004 /* Assets.xcassets in Resources */,
				41A10C7A2952B1AD0096D004 /* Main.storyboard in Resources */,
			);
			runOnlyForDeploymentPostprocessing = 0;
		};
/* End PBXResourcesBuildPhase section */

/* Begin PBXSourcesBuildPhase section */
		41A10C6B2952B1AD0096D004 /* Sources */ = {
			isa = PBXSourcesBuildPhase;
			buildActionMask = 2147483647;
			files = (
				41A10C892952B6660096D004 /* PhotoViewController.swift in Sources */,
				41A10C732952B1AD0096D004 /* AppDelegate.swift in Sources */,
				41A10C8D29540CA00096D004 /* ColorViewController.swift in Sources */,
				41A10C8F29543B850096D004 /* DirectoryViewController.swift in Sources */,
				41A10C752952B1AD0096D004 /* SceneDelegate.swift in Sources */,
			);
			runOnlyForDeploymentPostprocessing = 0;
		};
/* End PBXSourcesBuildPhase section */

/* Begin PBXVariantGroup section */
		41A10C782952B1AD0096D004 /* Main.storyboard */ = {
			isa = PBXVariantGroup;
			children = (
				41A10C792952B1AD0096D004 /* Base */,
			);
			name = Main.storyboard;
			sourceTree = "<group>";
		};
		41A10C7D2952B1AE0096D004 /* LaunchScreen.storyboard */ = {
			isa = PBXVariantGroup;
			children = (
				41A10C7E2952B1AE0096D004 /* Base */,
			);
			name = LaunchScreen.storyboard;
			sourceTree = "<group>";
		};
/* End PBXVariantGroup section */

/* Begin XCBuildConfiguration section */
		41A10C812952B1AE0096D004 /* Debug */ = {
			isa = XCBuildConfiguration;
			buildSettings = {
				ALWAYS_SEARCH_USER_PATHS = NO;
				CLANG_ANALYZER_NONNULL = YES;
				CLANG_ANALYZER_NUMBER_OBJECT_CONVERSION = YES_AGGRESSIVE;
				CLANG_CXX_LANGUAGE_STANDARD = "gnu++20";
				CLANG_ENABLE_MODULES = YES;
				CLANG_ENABLE_OBJC_ARC = YES;
				CLANG_ENABLE_OBJC_WEAK = YES;
				CLANG_WARN_BLOCK_CAPTURE_AUTORELEASING = YES;
				CLANG_WARN_BOOL_CONVERSION = YES;
				CLANG_WARN_COMMA = YES;
				CLANG_WARN_CONSTANT_CONVERSION = YES;
				CLANG_WARN_DEPRECATED_OBJC_IMPLEMENTATIONS = YES;
				CLANG_WARN_DIRECT_OBJC_ISA_USAGE = YES_ERROR;
				CLANG_WARN_DOCUMENTATION_COMMENTS = YES;
				CLANG_WARN_EMPTY_BODY = YES;
				CLANG_WARN_ENUM_CONVERSION = YES;
				CLANG_WARN_INFINITE_RECURSION = YES;
				CLANG_WARN_INT_CONVERSION = YES;
				CLANG_WARN_NON_LITERAL_NULL_CONVERSION = YES;
				CLANG_WARN_OBJC_IMPLICIT_RETAIN_SELF = YES;
				CLANG_WARN_OBJC_LITERAL_CONVERSION = YES;
				CLANG_WARN_OBJC_ROOT_CLASS = YES_ERROR;
				CLANG_WARN_QUOTED_INCLUDE_IN_FRAMEWORK_HEADER = YES;
				CLANG_WARN_RANGE_LOOP_ANALYSIS = YES;
				CLANG_WARN_STRICT_PROTOTYPES = YES;
				CLANG_WARN_SUSPICIOUS_MOVE = YES;
				CLANG_WARN_UNGUARDED_AVAILABILITY = YES_AGGRESSIVE;
				CLANG_WARN_UNREACHABLE_CODE = YES;
				CLANG_WARN__DUPLICATE_METHOD_MATCH = YES;
				COPY_PHASE_STRIP = NO;
				DEBUG_INFORMATION_FORMAT = dwarf;
				ENABLE_STRICT_OBJC_MSGSEND = YES;
				ENABLE_TESTABILITY = YES;
				GCC_C_LANGUAGE_STANDARD = gnu11;
				GCC_DYNAMIC_NO_PIC = NO;
				GCC_NO_COMMON_BLOCKS = YES;
				GCC_OPTIMIZATION_LEVEL = 0;
				GCC_PREPROCESSOR_DEFINITIONS = (
					"DEBUG=1",
					"$(inherited)",
				);
				GCC_WARN_64_TO_32_BIT_CONVERSION = YES;
				GCC_WARN_ABOUT_RETURN_TYPE = YES_ERROR;
				GCC_WARN_UNDECLARED_SELECTOR = YES;
				GCC_WARN_UNINITIALIZED_AUTOS = YES_AGGRESSIVE;
				GCC_WARN_UNUSED_FUNCTION = YES;
				GCC_WARN_UNUSED_VARIABLE = YES;
				IPHONEOS_DEPLOYMENT_TARGET = 16.1;
				MTL_ENABLE_DEBUG_INFO = INCLUDE_SOURCE;
				MTL_FAST_MATH = YES;
				ONLY_ACTIVE_ARCH = YES;
				SDKROOT = iphoneos;
				SWIFT_ACTIVE_COMPILATION_CONDITIONS = DEBUG;
				SWIFT_OPTIMIZATION_LEVEL = "-Onone";
			};
			name = Debug;
		};
		41A10C822952B1AE0096D004 /* Release */ = {
			isa = XCBuildConfiguration;
			buildSettings = {
				ALWAYS_SEARCH_USER_PATHS = NO;
				CLANG_ANALYZER_NONNULL = YES;
				CLANG_ANALYZER_NUMBER_OBJECT_CONVERSION = YES_AGGRESSIVE;
				CLANG_CXX_LANGUAGE_STANDARD = "gnu++20";
				CLANG_ENABLE_MODULES = YES;
				CLANG_ENABLE_OBJC_ARC = YES;
				CLANG_ENABLE_OBJC_WEAK = YES;
				CLANG_WARN_BLOCK_CAPTURE_AUTORELEASING = YES;
				CLANG_WARN_BOOL_CONVERSION = YES;
				CLANG_WARN_COMMA = YES;
				CLANG_WARN_CONSTANT_CONVERSION = YES;
				CLANG_WARN_DEPRECATED_OBJC_IMPLEMENTATIONS = YES;
				CLANG_WARN_DIRECT_OBJC_ISA_USAGE = YES_ERROR;
				CLANG_WARN_DOCUMENTATION_COMMENTS = YES;
				CLANG_WARN_EMPTY_BODY = YES;
				CLANG_WARN_ENUM_CONVERSION = YES;
				CLANG_WARN_INFINITE_RECURSION = YES;
				CLANG_WARN_INT_CONVERSION = YES;
				CLANG_WARN_NON_LITERAL_NULL_CONVERSION = YES;
				CLANG_WARN_OBJC_IMPLICIT_RETAIN_SELF = YES;
				CLANG_WARN_OBJC_LITERAL_CONVERSION = YES;
				CLANG_WARN_OBJC_ROOT_CLASS = YES_ERROR;
				CLANG_WARN_QUOTED_INCLUDE_IN_FRAMEWORK_HEADER = YES;
				CLANG_WARN_RANGE_LOOP_ANALYSIS = YES;
				CLANG_WARN_STRICT_PROTOTYPES = YES;
				CLANG_WARN_SUSPICIOUS_MOVE = YES;
				CLANG_WARN_UNGUARDED_AVAILABILITY = YES_AGGRESSIVE;
				CLANG_WARN_UNREACHABLE_CODE = YES;
				CLANG_WARN__DUPLICATE_METHOD_MATCH = YES;
				COPY_PHASE_STRIP = NO;
				DEBUG_INFORMATION_FORMAT = "dwarf-with-dsym";
				ENABLE_NS_ASSERTIONS = NO;
				ENABLE_STRICT_OBJC_MSGSEND = YES;
				GCC_C_LANGUAGE_STANDARD = gnu11;
				GCC_NO_COMMON_BLOCKS = YES;
				GCC_WARN_64_TO_32_BIT_CONVERSION = YES;
				GCC_WARN_ABOUT_RETURN_TYPE = YES_ERROR;
				GCC_WARN_UNDECLARED_SELECTOR = YES;
				GCC_WARN_UNINITIALIZED_AUTOS = YES_AGGRESSIVE;
				GCC_WARN_UNUSED_FUNCTION = YES;
				GCC_WARN_UNUSED_VARIABLE = YES;
				IPHONEOS_DEPLOYMENT_TARGET = 16.1;
				MTL_ENABLE_DEBUG_INFO = NO;
				MTL_FAST_MATH = YES;
				SDKROOT = iphoneos;
				SWIFT_COMPILATION_MODE = wholemodule;
				SWIFT_OPTIMIZATION_LEVEL = "-O";
				VALIDATE_PRODUCT = YES;
			};
			name = Release;
		};
		41A10C842952B1AE0096D004 /* Debug */ = {
			isa = XCBuildConfiguration;
			buildSettings = {
				ASSETCATALOG_COMPILER_APPICON_NAME = AppIcon;
				ASSETCATALOG_COMPILER_GLOBAL_ACCENT_COLOR_NAME = AccentColor;
				CODE_SIGN_STYLE = Automatic;
				CURRENT_PROJECT_VERSION = 1;
				DEVELOPMENT_TEAM = Y4BPBYLC6X;
				GENERATE_INFOPLIST_FILE = YES;
				INFOPLIST_FILE = "protocol & delegate Demo/Info.plist";
				INFOPLIST_KEY_UIApplicationSupportsIndirectInputEvents = YES;
				INFOPLIST_KEY_UILaunchStoryboardName = LaunchScreen;
				INFOPLIST_KEY_UIMainStoryboardFile = Main;
				INFOPLIST_KEY_UISupportedInterfaceOrientations_iPad = "UIInterfaceOrientationPortrait UIInterfaceOrientationPortraitUpsideDown UIInterfaceOrientationLandscapeLeft UIInterfaceOrientationLandscapeRight";
				INFOPLIST_KEY_UISupportedInterfaceOrientations_iPhone = "UIInterfaceOrientationPortrait UIInterfaceOrientationLandscapeLeft UIInterfaceOrientationLandscapeRight";
				LD_RUNPATH_SEARCH_PATHS = (
					"$(inherited)",
					"@executable_path/Frameworks",
				);
				MARKETING_VERSION = 1.0;
				PRODUCT_BUNDLE_IDENTIFIER = "com.kai.protocol---delegate-Demo";
				PRODUCT_NAME = "$(TARGET_NAME)";
				SWIFT_EMIT_LOC_STRINGS = YES;
				SWIFT_VERSION = 5.0;
				TARGETED_DEVICE_FAMILY = "1,2";
			};
			name = Debug;
		};
		41A10C852952B1AE0096D004 /* Release */ = {
			isa = XCBuildConfiguration;
			buildSettings = {
				ASSETCATALOG_COMPILER_APPICON_NAME = AppIcon;
				ASSETCATALOG_COMPILER_GLOBAL_ACCENT_COLOR_NAME = AccentColor;
				CODE_SIGN_STYLE = Automatic;
				CURRENT_PROJECT_VERSION = 1;
				DEVELOPMENT_TEAM = Y4BPBYLC6X;
				GENERATE_INFOPLIST_FILE = YES;
				INFOPLIST_FILE = "protocol & delegate Demo/Info.plist";
				INFOPLIST_KEY_UIApplicationSupportsIndirectInputEvents = YES;
				INFOPLIST_KEY_UILaunchStoryboardName = LaunchScreen;
				INFOPLIST_KEY_UIMainStoryboardFile = Main;
				INFOPLIST_KEY_UISupportedInterfaceOrientations_iPad = "UIInterfaceOrientationPortrait UIInterfaceOrientationPortraitUpsideDown UIInterfaceOrientationLandscapeLeft UIInterfaceOrientationLandscapeRight";
				INFOPLIST_KEY_UISupportedInterfaceOrientations_iPhone = "UIInterfaceOrientationPortrait UIInterfaceOrientationLandscapeLeft UIInterfaceOrientationLandscapeRight";
				LD_RUNPATH_SEARCH_PATHS = (
					"$(inherited)",
					"@executable_path/Frameworks",
				);
				MARKETING_VERSION = 1.0;
				PRODUCT_BUNDLE_IDENTIFIER = "com.kai.protocol---delegate-Demo";
				PRODUCT_NAME = "$(TARGET_NAME)";
				SWIFT_EMIT_LOC_STRINGS = YES;
				SWIFT_VERSION = 5.0;
				TARGETED_DEVICE_FAMILY = "1,2";
			};
			name = Release;
		};
/* End XCBuildConfiguration section */

/* Begin XCConfigurationList section */
		41A10C6A2952B1AD0096D004 /* Build configuration list for PBXProject "protocol & delegate Demo" */ = {
			isa = XCConfigurationList;
			buildConfigurations = (
				41A10C812952B1AE0096D004 /* Debug */,
				41A10C822952B1AE0096D004 /* Release */,
			);
			defaultConfigurationIsVisible = 0;
			defaultConfigurationName = Release;
		};
		41A10C832952B1AE0096D004 /* Build configuration list for PBXNativeTarget "protocol & delegate Demo" */ = {
			isa = XCConfigurationList;
			buildConfigurations = (
				41A10C842952B1AE0096D004 /* Debug */,
				41A10C852952B1AE0096D004 /* Release */,
			);
			defaultConfigurationIsVisible = 0;
			defaultConfigurationName = Release;
		};
/* End XCConfigurationList section */
	};
	rootObject = 41A10C672952B1AD0096D004 /* Project object */;
}
